
Microsoft Visual Studio Solution File, Format Version 12.00
# Visual Studio Version 16
VisualStudioVersion = 16.0.30330.147
MinimumVisualStudioVersion = 10.0.40219.1
Project("{FAE04EC0-301F-11D3-BF4B-00C04F79EFBC}") = "TanukiColiseum", "TanukiColiseum\TanukiColiseum.csproj", "{82A763DA-D0D7-4B62-9906-B4621C807AE9}"
EndProject
Project("{FAE04EC0-301F-11D3-BF4B-00C04F79EFBC}") = "TanukiColiseumTests", "TanukiColiseumTests\TanukiColiseumTests.csproj", "{5E0E80C6-F7CD-4F4C-894E-277ABA83597F}"
EndProject
Global
	GlobalSection(SolutionConfigurationPlatforms) = preSolution
		Debug|Any CPU = Debug|Any CPU
		Release|Any CPU = Release|Any CPU
	EndGlobalSection
	GlobalSection(ProjectConfigurationPlatforms) = postSolution
		{82A763DA-D0D7-4B62-9906-B4621C807AE9}.Debug|Any CPU.ActiveCfg = Debug|Any CPU
		{82A763DA-D0D7-4B62-9906-B4621C807AE9}.Debug|Any CPU.Build.0 = Debug|Any CPU
		{82A763DA-D0D7-4B62-9906-B4621C807AE9}.Release|Any CPU.ActiveCfg = Release|Any CPU
		{82A763DA-D0D7-4B62-9906-B4621C807AE9}.Release|Any CPU.Build.0 = Release|Any CPU
		{5E0E80C6-F7CD-4F4C-894E-277ABA83597F}.Debug|Any CPU.ActiveCfg = Debug|Any CPU
		{5E0E80C6-F7CD-4F4C-894E-277ABA83597F}.Debug|Any CPU.Build.0 = Debug|Any CPU
		{5E0E80C6-F7CD-4F4C-894E-277ABA83597F}.Release|Any CPU.ActiveCfg = Release|Any CPU
		{5E0E80C6-F7CD-4F4C-894E-277ABA83597F}.Release|Any CPU.Build.0 = Release|Any CPU
	EndGlobalSection
	GlobalSection(SolutionProperties) = preSolution
		HideSolutionNode = FALSE
	EndGlobalSection
	GlobalSection(ExtensibilityGlobals) = postSolution
		SolutionGuid = {0BD508C0-8594-4DB6-9C42-856798110370}
	EndGlobalSection
EndGlobal
